
Microsoft Visual Studio Solution File, Format Version 12.00
# Visual Studio Version 17
VisualStudioVersion = 17.7.34031.279
MinimumVisualStudioVersion = 10.0.40219.1
Project("{9A19103F-16F7-4668-BE54-9A1E7A4F7556}") = "xBei.DynamicJson", "xBei.DynamicJson\xBei.DynamicJson.csproj", "{1382BE63-19CF-482C-B39B-B4F440ACE6EE}"
EndProject
Project("{FAE04EC0-301F-11D3-BF4B-00C04F79EFBC}") = "xBei.DynamicJson.ConsoleDemo", "xBei.DynamicJson.ConsoleDemo\xBei.DynamicJson.ConsoleDemo.csproj", "{7083325B-2809-4749-8A2E-2A318591D228}"
EndProject
Project("{2150E333-8FDC-42A3-9474-1A3956D46DE8}") = "其他文件", "其他文件", "{30236A5D-873B-4DB6-B0B6-FB7C75C38D34}"
	ProjectSection(SolutionItems) = preProject
		.gitignore = .gitignore
		README.md = README.md
	EndProjectSection
EndProject
Global
	GlobalSection(SolutionConfigurationPlatforms) = preSolution
		Debug|Any CPU = Debug|Any CPU
		Release|Any CPU = Release|Any CPU
	EndGlobalSection
	GlobalSection(ProjectConfigurationPlatforms) = postSolution
		{1382BE63-19CF-482C-B39B-B4F440ACE6EE}.Debug|Any CPU.ActiveCfg = Debug|Any CPU
		{1382BE63-19CF-482C-B39B-B4F440ACE6EE}.Debug|Any CPU.Build.0 = Debug|Any CPU
		{1382BE63-19CF-482C-B39B-B4F440ACE6EE}.Release|Any CPU.ActiveCfg = Release|Any CPU
		{1382BE63-19CF-482C-B39B-B4F440ACE6EE}.Release|Any CPU.Build.0 = Release|Any CPU
		{7083325B-2809-4749-8A2E-2A318591D228}.Debug|Any CPU.ActiveCfg = Debug|Any CPU
		{7083325B-2809-4749-8A2E-2A318591D228}.Debug|Any CPU.Build.0 = Debug|Any CPU
		{7083325B-2809-4749-8A2E-2A318591D228}.Release|Any CPU.ActiveCfg = Release|Any CPU
		{7083325B-2809-4749-8A2E-2A318591D228}.Release|Any CPU.Build.0 = Release|Any CPU
	EndGlobalSection
	GlobalSection(SolutionProperties) = preSolution
		HideSolutionNode = FALSE
	EndGlobalSection
	GlobalSection(ExtensibilityGlobals) = postSolution
		SolutionGuid = {E5841B7A-26FD-4FA0-9FE6-C44B3F940B5A}
	EndGlobalSection
EndGlobal
